// !$*UTF8*$!
{
	archiveVersion = 1;
	classes = {
	};
	objectVersion = 50;
	objects = {

/* Begin PBXBuildFile section */
		704CF3FC242BABDB00FA75A1 /* LoginViewController.m in Sources */ = {isa = PBXBuildFile; fileRef = 704CF3FB242BABDB00FA75A1 /* LoginViewController.m */; };
		70E914DE2427160C00FD835E /* AppDelegate.m in Sources */ = {isa = PBXBuildFile; fileRef = 70E914DD2427160C00FD835E /* AppDelegate.m */; };
		70E914E12427160C00FD835E /* ViewController.m in Sources */ = {isa = PBXBuildFile; fileRef = 70E914E02427160C00FD835E /* ViewController.m */; };
		70E914E42427160C00FD835E /* Main.storyboard in Resources */ = {isa = PBXBuildFile; fileRef = 70E914E22427160C00FD835E /* Main.storyboard */; };
		70E914E62427160D00FD835E /* Assets.xcassets in Resources */ = {isa = PBXBuildFile; fileRef = 70E914E52427160D00FD835E /* Assets.xcassets */; };
		70E914E92427160D00FD835E /* LaunchScreen.storyboard in Resources */ = {isa = PBXBuildFile; fileRef = 70E914E72427160D00FD835E /* LaunchScreen.storyboard */; };
		70E914EC2427160E00FD835E /* main.m in Sources */ = {isa = PBXBuildFile; fileRef = 70E914EB2427160E00FD835E /* main.m */; };
		70EDC98F2439912B007DDF1A /* CollectionViewController.m in Sources */ = {isa = PBXBuildFile; fileRef = 70EDC98E2439912B007DDF1A /* CollectionViewController.m */; };
		70EDC992243C3A21007DDF1A /* GtNormalTableViewCell.m in Sources */ = {isa = PBXBuildFile; fileRef = 70EDC991243C3A21007DDF1A /* GtNormalTableViewCell.m */; };
		70EDC996243CAB84007DDF1A /* GTListLoader.m in Sources */ = {isa = PBXBuildFile; fileRef = 70EDC995243CAB84007DDF1A /* GTListLoader.m */; };
		9329D8D9AE97A1465B1AFE40 /* libPods-SimpleApp.a in Frameworks */ = {isa = PBXBuildFile; fileRef = 18B737FFDE204F09E407D63D /* libPods-SimpleApp.a */; };
/* End PBXBuildFile section */

/* Begin PBXFileReference section */
		18B737FFDE204F09E407D63D /* libPods-SimpleApp.a */ = {isa = PBXFileReference; explicitFileType = archive.ar; includeInIndex = 0; path = "libPods-SimpleApp.a"; sourceTree = BUILT_PRODUCTS_DIR; };
		6B1C8E8651F55F1904177DE7 /* Pods-SimpleApp.debug.xcconfig */ = {isa = PBXFileReference; includeInIndex = 1; lastKnownFileType = text.xcconfig; name = "Pods-SimpleApp.debug.xcconfig"; path = "Target Support Files/Pods-SimpleApp/Pods-SimpleApp.debug.xcconfig"; sourceTree = "<group>"; };
		704CF3FA242BABDB00FA75A1 /* LoginViewController.h */ = {isa = PBXFileReference; lastKnownFileType = sourcecode.c.h; path = LoginViewController.h; sourceTree = "<group>"; };
		704CF3FB242BABDB00FA75A1 /* LoginViewController.m */ = {isa = PBXFileReference; lastKnownFileType = sourcecode.c.objc; path = LoginViewController.m; sourceTree = "<group>"; };
		70DBF47C244B5938005FDD62 /* LICENSE */ = {isa = PBXFileReference; lastKnownFileType = text; path = LICENSE; sourceTree = "<group>"; };
		70DBF47D244B5938005FDD62 /* README.md */ = {isa = PBXFileReference; lastKnownFileType = net.daringfireball.markdown; path = README.md; sourceTree = "<group>"; };
		70DBF47F244B5938005FDD62 /* WKWebView+AFNetworking.h */ = {isa = PBXFileReference; lastKnownFileType = sourcecode.c.h; path = "WKWebView+AFNetworking.h"; sourceTree = "<group>"; };
		70DBF480244B5938005FDD62 /* UIProgressView+AFNetworking.m */ = {isa = PBXFileReference; lastKnownFileType = sourcecode.c.objc; path = "UIProgressView+AFNetworking.m"; sourceTree = "<group>"; };
		70DBF481244B5938005FDD62 /* UIButton+AFNetworking.h */ = {isa = PBXFileReference; lastKnownFileType = sourcecode.c.h; path = "UIButton+AFNetworking.h"; sourceTree = "<group>"; };
		70DBF482244B5938005FDD62 /* UIRefreshControl+AFNetworking.m */ = {isa = PBXFileReference; lastKnownFileType = sourcecode.c.objc; path = "UIRefreshControl+AFNetworking.m"; sourceTree = "<group>"; };
		70DBF483244B5938005FDD62 /* UIImageView+AFNetworking.h */ = {isa = PBXFileReference; lastKnownFileType = sourcecode.c.h; path = "UIImageView+AFNetworking.h"; sourceTree = "<group>"; };
		70DBF484244B5938005FDD62 /* AFImageDownloader.h */ = {isa = PBXFileReference; lastKnownFileType = sourcecode.c.h; path = AFImageDownloader.h; sourceTree = "<group>"; };
		70DBF485244B5938005FDD62 /* AFNetworkActivityIndicatorManager.m */ = {isa = PBXFileReference; lastKnownFileType = sourcecode.c.objc; path = AFNetworkActivityIndicatorManager.m; sourceTree = "<group>"; };
		70DBF486244B5938005FDD62 /* AFAutoPurgingImageCache.h */ = {isa = PBXFileReference; lastKnownFileType = sourcecode.c.h; path = AFAutoPurgingImageCache.h; sourceTree = "<group>"; };
		70DBF487244B5938005FDD62 /* UIActivityIndicatorView+AFNetworking.h */ = {isa = PBXFileReference; lastKnownFileType = sourcecode.c.h; path = "UIActivityIndicatorView+AFNetworking.h"; sourceTree = "<group>"; };
		70DBF488244B5938005FDD62 /* WKWebView+AFNetworking.m */ = {isa = PBXFileReference; lastKnownFileType = sourcecode.c.objc; path = "WKWebView+AFNetworking.m"; sourceTree = "<group>"; };
		70DBF489244B5938005FDD62 /* UIImage+AFNetworking.h */ = {isa = PBXFileReference; lastKnownFileType = sourcecode.c.h; path = "UIImage+AFNetworking.h"; sourceTree = "<group>"; };
		70DBF48A244B5938005FDD62 /* UIProgressView+AFNetworking.h */ = {isa = PBXFileReference; lastKnownFileType = sourcecode.c.h; path = "UIProgressView+AFNetworking.h"; sourceTree = "<group>"; };
		70DBF48B244B5938005FDD62 /* UIImageView+AFNetworking.m */ = {isa = PBXFileReference; lastKnownFileType = sourcecode.c.objc; path = "UIImageView+AFNetworking.m"; sourceTree = "<group>"; };
		70DBF48C244B5938005FDD62 /* UIKit+AFNetworking.h */ = {isa = PBXFileReference; lastKnownFileType = sourcecode.c.h; path = "UIKit+AFNetworking.h"; sourceTree = "<group>"; };
		70DBF48D244B5938005FDD62 /* UIRefreshControl+AFNetworking.h */ = {isa = PBXFileReference; lastKnownFileType = sourcecode.c.h; path = "UIRefreshControl+AFNetworking.h"; sourceTree = "<group>"; };
		70DBF48E244B5938005FDD62 /* UIButton+AFNetworking.m */ = {isa = PBXFileReference; lastKnownFileType = sourcecode.c.objc; path = "UIButton+AFNetworking.m"; sourceTree = "<group>"; };
		70DBF48F244B5938005FDD62 /* UIActivityIndicatorView+AFNetworking.m */ = {isa = PBXFileReference; lastKnownFileType = sourcecode.c.objc; path = "UIActivityIndicatorView+AFNetworking.m"; sourceTree = "<group>"; };
		70DBF490244B5938005FDD62 /* AFAutoPurgingImageCache.m */ = {isa = PBXFileReference; lastKnownFileType = sourcecode.c.objc; path = AFAutoPurgingImageCache.m; sourceTree = "<group>"; };
		70DBF491244B5938005FDD62 /* AFNetworkActivityIndicatorManager.h */ = {isa = PBXFileReference; lastKnownFileType = sourcecode.c.h; path = AFNetworkActivityIndicatorManager.h; sourceTree = "<group>"; };
		70DBF492244B5938005FDD62 /* AFImageDownloader.m */ = {isa = PBXFileReference; lastKnownFileType = sourcecode.c.objc; path = AFImageDownloader.m; sourceTree = "<group>"; };
		70DBF494244B5938005FDD62 /* AFSecurityPolicy.h */ = {isa = PBXFileReference; lastKnownFileType = sourcecode.c.h; path = AFSecurityPolicy.h; sourceTree = "<group>"; };
		70DBF495244B5938005FDD62 /* AFNetworkReachabilityManager.h */ = {isa = PBXFileReference; lastKnownFileType = sourcecode.c.h; path = AFNetworkReachabilityManager.h; sourceTree = "<group>"; };
		70DBF496244B5938005FDD62 /* AFURLSessionManager.h */ = {isa = PBXFileReference; lastKnownFileType = sourcecode.c.h; path = AFURLSessionManager.h; sourceTree = "<group>"; };
		70DBF497244B5938005FDD62 /* AFURLRequestSerialization.h */ = {isa = PBXFileReference; lastKnownFileType = sourcecode.c.h; path = AFURLRequestSerialization.h; sourceTree = "<group>"; };
		70DBF498244B5938005FDD62 /* AFURLResponseSerialization.m */ = {isa = PBXFileReference; lastKnownFileType = sourcecode.c.objc; path = AFURLResponseSerialization.m; sourceTree = "<group>"; };
		70DBF499244B5938005FDD62 /* AFHTTPSessionManager.m */ = {isa = PBXFileReference; lastKnownFileType = sourcecode.c.objc; path = AFHTTPSessionManager.m; sourceTree = "<group>"; };
		70DBF49A244B5938005FDD62 /* AFURLResponseSerialization.h */ = {isa = PBXFileReference; lastKnownFileType = sourcecode.c.h; path = AFURLResponseSerialization.h; sourceTree = "<group>"; };
		70DBF49B244B5938005FDD62 /* AFURLSessionManager.m */ = {isa = PBXFileReference; lastKnownFileType = sourcecode.c.objc; path = AFURLSessionManager.m; sourceTree = "<group>"; };
		70DBF49C244B5938005FDD62 /* AFURLRequestSerialization.m */ = {isa = PBXFileReference; lastKnownFileType = sourcecode.c.objc; path = AFURLRequestSerialization.m; sourceTree = "<group>"; };
		70DBF49D244B5938005FDD62 /* AFNetworking.h */ = {isa = PBXFileReference; lastKnownFileType = sourcecode.c.h; path = AFNetworking.h; sourceTree = "<group>"; };
		70DBF49E244B5938005FDD62 /* AFNetworkReachabilityManager.m */ = {isa = PBXFileReference; lastKnownFileType = sourcecode.c.objc; path = AFNetworkReachabilityManager.m; sourceTree = "<group>"; };
		70DBF49F244B5938005FDD62 /* AFSecurityPolicy.m */ = {isa = PBXFileReference; lastKnownFileType = sourcecode.c.objc; path = AFSecurityPolicy.m; sourceTree = "<group>"; };
		70DBF4A0244B5938005FDD62 /* AFCompatibilityMacros.h */ = {isa = PBXFileReference; lastKnownFileType = sourcecode.c.h; path = AFCompatibilityMacros.h; sourceTree = "<group>"; };
		70DBF4A1244B5938005FDD62 /* AFHTTPSessionManager.h */ = {isa = PBXFileReference; lastKnownFileType = sourcecode.c.h; path = AFHTTPSessionManager.h; sourceTree = "<group>"; };
		70E914D92427160C00FD835E /* SimpleApp.app */ = {isa = PBXFileReference; explicitFileType = wrapper.application; includeInIndex = 0; path = SimpleApp.app; sourceTree = BUILT_PRODUCTS_DIR; };
		70E914DC2427160C00FD835E /* AppDelegate.h */ = {isa = PBXFileReference; lastKnownFileType = sourcecode.c.h; path = AppDelegate.h; sourceTree = "<group>"; };
		70E914DD2427160C00FD835E /* AppDelegate.m */ = {isa = PBXFileReference; lastKnownFileType = sourcecode.c.objc; path = AppDelegate.m; sourceTree = "<group>"; };
		70E914DF2427160C00FD835E /* ViewController.h */ = {isa = PBXFileReference; lastKnownFileType = sourcecode.c.h; path = ViewController.h; sourceTree = "<group>"; };
		70E914E02427160C00FD835E /* ViewController.m */ = {isa = PBXFileReference; lastKnownFileType = sourcecode.c.objc; path = ViewController.m; sourceTree = "<group>"; };
		70E914E32427160C00FD835E /* Base */ = {isa = PBXFileReference; lastKnownFileType = file.storyboard; name = Base; path = Base.lproj/Main.storyboard; sourceTree = "<group>"; };
		70E914E52427160D00FD835E /* Assets.xcassets */ = {isa = PBXFileReference; lastKnownFileType = folder.assetcatalog; path = Assets.xcassets; sourceTree = "<group>"; };
		70E914E82427160D00FD835E /* Base */ = {isa = PBXFileReference; lastKnownFileType = file.storyboard; name = Base; path = Base.lproj/LaunchScreen.storyboard; sourceTree = "<group>"; };
		70E914EA2427160E00FD835E /* Info.plist */ = {isa = PBXFileReference; lastKnownFileType = text.plist.xml; path = Info.plist; sourceTree = "<group>"; };
		70E914EB2427160E00FD835E /* main.m */ = {isa = PBXFileReference; lastKnownFileType = sourcecode.c.objc; path = main.m; sourceTree = "<group>"; };
		70EDC98D2439912B007DDF1A /* CollectionViewController.h */ = {isa = PBXFileReference; lastKnownFileType = sourcecode.c.h; path = CollectionViewController.h; sourceTree = "<group>"; };
		70EDC98E2439912B007DDF1A /* CollectionViewController.m */ = {isa = PBXFileReference; lastKnownFileType = sourcecode.c.objc; path = CollectionViewController.m; sourceTree = "<group>"; };
		70EDC990243C3A21007DDF1A /* GtNormalTableViewCell.h */ = {isa = PBXFileReference; lastKnownFileType = sourcecode.c.h; path = GtNormalTableViewCell.h; sourceTree = "<group>"; };
		70EDC991243C3A21007DDF1A /* GtNormalTableViewCell.m */ = {isa = PBXFileReference; lastKnownFileType = sourcecode.c.objc; path = GtNormalTableViewCell.m; sourceTree = "<group>"; };
		70EDC994243CAB84007DDF1A /* GTListLoader.h */ = {isa = PBXFileReference; lastKnownFileType = sourcecode.c.h; path = GTListLoader.h; sourceTree = "<group>"; };
		70EDC995243CAB84007DDF1A /* GTListLoader.m */ = {isa = PBXFileReference; lastKnownFileType = sourcecode.c.objc; path = GTListLoader.m; sourceTree = "<group>"; };
		948E793E9F565A5E7310A1D9 /* Pods-SimpleApp.release.xcconfig */ = {isa = PBXFileReference; includeInIndex = 1; lastKnownFileType = text.xcconfig; name = "Pods-SimpleApp.release.xcconfig"; path = "Target Support Files/Pods-SimpleApp/Pods-SimpleApp.release.xcconfig"; sourceTree = "<group>"; };
/* End PBXFileReference section */

/* Begin PBXFrameworksBuildPhase section */
		70E914D62427160C00FD835E /* Frameworks */ = {
			isa = PBXFrameworksBuildPhase;
			buildActionMask = 2147483647;
			files = (
				9329D8D9AE97A1465B1AFE40 /* libPods-SimpleApp.a in Frameworks */,
			);
			runOnlyForDeploymentPostprocessing = 0;
		};
/* End PBXFrameworksBuildPhase section */

/* Begin PBXGroup section */
		70DBF47B244B5938005FDD62 /* AFNetworking */ = {
			isa = PBXGroup;
			children = (
				70DBF47C244B5938005FDD62 /* LICENSE */,
				70DBF47D244B5938005FDD62 /* README.md */,
				70DBF47E244B5938005FDD62 /* UIKit+AFNetworking */,
				70DBF493244B5938005FDD62 /* AFNetworking */,
			);
			name = AFNetworking;
			path = Pods/AFNetworking;
			sourceTree = "<group>";
		};
		70DBF47E244B5938005FDD62 /* UIKit+AFNetworking */ = {
			isa = PBXGroup;
			children = (
				70DBF47F244B5938005FDD62 /* WKWebView+AFNetworking.h */,
				70DBF480244B5938005FDD62 /* UIProgressView+AFNetworking.m */,
				70DBF481244B5938005FDD62 /* UIButton+AFNetworking.h */,
				70DBF482244B5938005FDD62 /* UIRefreshControl+AFNetworking.m */,
				70DBF483244B5938005FDD62 /* UIImageView+AFNetworking.h */,
				70DBF484244B5938005FDD62 /* AFImageDownloader.h */,
				70DBF485244B5938005FDD62 /* AFNetworkActivityIndicatorManager.m */,
				70DBF486244B5938005FDD62 /* AFAutoPurgingImageCache.h */,
				70DBF487244B5938005FDD62 /* UIActivityIndicatorView+AFNetworking.h */,
				70DBF488244B5938005FDD62 /* WKWebView+AFNetworking.m */,
				70DBF489244B5938005FDD62 /* UIImage+AFNetworking.h */,
				70DBF48A244B5938005FDD62 /* UIProgressView+AFNetworking.h */,
				70DBF48B244B5938005FDD62 /* UIImageView+AFNetworking.m */,
				70DBF48C244B5938005FDD62 /* UIKit+AFNetworking.h */,
				70DBF48D244B5938005FDD62 /* UIRefreshControl+AFNetworking.h */,
				70DBF48E244B5938005FDD62 /* UIButton+AFNetworking.m */,
				70DBF48F244B5938005FDD62 /* UIActivityIndicatorView+AFNetworking.m */,
				70DBF490244B5938005FDD62 /* AFAutoPurgingImageCache.m */,
				70DBF491244B5938005FDD62 /* AFNetworkActivityIndicatorManager.h */,
				70DBF492244B5938005FDD62 /* AFImageDownloader.m */,
			);
			path = "UIKit+AFNetworking";
			sourceTree = "<group>";
		};
		70DBF493244B5938005FDD62 /* AFNetworking */ = {
			isa = PBXGroup;
			children = (
				70DBF494244B5938005FDD62 /* AFSecurityPolicy.h */,
				70DBF495244B5938005FDD62 /* AFNetworkReachabilityManager.h */,
				70DBF496244B5938005FDD62 /* AFURLSessionManager.h */,
				70DBF497244B5938005FDD62 /* AFURLRequestSerialization.h */,
				70DBF498244B5938005FDD62 /* AFURLResponseSerialization.m */,
				70DBF499244B5938005FDD62 /* AFHTTPSessionManager.m */,
				70DBF49A244B5938005FDD62 /* AFURLResponseSerialization.h */,
				70DBF49B244B5938005FDD62 /* AFURLSessionManager.m */,
				70DBF49C244B5938005FDD62 /* AFURLRequestSerialization.m */,
				70DBF49D244B5938005FDD62 /* AFNetworking.h */,
				70DBF49E244B5938005FDD62 /* AFNetworkReachabilityManager.m */,
				70DBF49F244B5938005FDD62 /* AFSecurityPolicy.m */,
				70DBF4A0244B5938005FDD62 /* AFCompatibilityMacros.h */,
				70DBF4A1244B5938005FDD62 /* AFHTTPSessionManager.h */,
			);
			path = AFNetworking;
			sourceTree = "<group>";
		};
		70E914D02427160C00FD835E = {
			isa = PBXGroup;
			children = (
				70E914DB2427160C00FD835E /* SimpleApp */,
				70E914DA2427160C00FD835E /* Products */,
				A6C2789A9AE591309ABCE9D0 /* Pods */,
				918EC366D6B4529B30AB41A7 /* Frameworks */,
			);
			sourceTree = "<group>";
		};
		70E914DA2427160C00FD835E /* Products */ = {
			isa = PBXGroup;
			children = (
				70E914D92427160C00FD835E /* SimpleApp.app */,
			);
			name = Products;
			sourceTree = "<group>";
		};
		70E914DB2427160C00FD835E /* SimpleApp */ = {
			isa = PBXGroup;
			children = (
				70EDC993243CAB2B007DDF1A /* loader */,
				70E914DC2427160C00FD835E /* AppDelegate.h */,
				70E914DD2427160C00FD835E /* AppDelegate.m */,
				70E914DF2427160C00FD835E /* ViewController.h */,
				70E914E02427160C00FD835E /* ViewController.m */,
				70E914E22427160C00FD835E /* Main.storyboard */,
				70E914E52427160D00FD835E /* Assets.xcassets */,
				70E914E72427160D00FD835E /* LaunchScreen.storyboard */,
				70E914EA2427160E00FD835E /* Info.plist */,
				70E914EB2427160E00FD835E /* main.m */,
				704CF3FA242BABDB00FA75A1 /* LoginViewController.h */,
				704CF3FB242BABDB00FA75A1 /* LoginViewController.m */,
				70EDC98D2439912B007DDF1A /* CollectionViewController.h */,
				70EDC98E2439912B007DDF1A /* CollectionViewController.m */,
				70EDC990243C3A21007DDF1A /* GtNormalTableViewCell.h */,
				70EDC991243C3A21007DDF1A /* GtNormalTableViewCell.m */,
			);
			path = SimpleApp;
			sourceTree = "<group>";
		};
		70EDC993243CAB2B007DDF1A /* loader */ = {
			isa = PBXGroup;
			children = (
				70EDC994243CAB84007DDF1A /* GTListLoader.h */,
				70EDC995243CAB84007DDF1A /* GTListLoader.m */,
			);
			path = loader;
			sourceTree = "<group>";
		};
		918EC366D6B4529B30AB41A7 /* Frameworks */ = {
			isa = PBXGroup;
			children = (
				70DBF47B244B5938005FDD62 /* AFNetworking */,
				18B737FFDE204F09E407D63D /* libPods-SimpleApp.a */,
			);
			name = Frameworks;
			sourceTree = "<group>";
		};
		A6C2789A9AE591309ABCE9D0 /* Pods */ = {
			isa = PBXGroup;
			children = (
				6B1C8E8651F55F1904177DE7 /* Pods-SimpleApp.debug.xcconfig */,
				948E793E9F565A5E7310A1D9 /* Pods-SimpleApp.release.xcconfig */,
			);
			path = Pods;
			sourceTree = "<group>";
		};
/* End PBXGroup section */

/* Begin PBXNativeTarget section */
		70E914D82427160C00FD835E /* SimpleApp */ = {
			isa = PBXNativeTarget;
			buildConfigurationList = 70E914EF2427160E00FD835E /* Build configuration list for PBXNativeTarget "SimpleApp" */;
			buildPhases = (
				6DE5ECB4A4D1B2C233425BC4 /* [CP] Check Pods Manifest.lock */,
				70E914D52427160C00FD835E /* Sources */,
				70E914D62427160C00FD835E /* Frameworks */,
				70E914D72427160C00FD835E /* Resources */,
			);
			buildRules = (
			);
			dependencies = (
			);
			name = SimpleApp;
			productName = SimpleApp;
			productReference = 70E914D92427160C00FD835E /* SimpleApp.app */;
			productType = "com.apple.product-type.application";
		};
/* End PBXNativeTarget section */

/* Begin PBXProject section */
		70E914D12427160C00FD835E /* Project object */ = {
			isa = PBXProject;
			attributes = {
				LastUpgradeCheck = 0930;
				ORGANIZATIONNAME = Wenshuo;
				TargetAttributes = {
					70E914D82427160C00FD835E = {
						CreatedOnToolsVersion = 9.3;
					};
				};
			};
			buildConfigurationList = 70E914D42427160C00FD835E /* Build configuration list for PBXProject "SimpleApp" */;
			compatibilityVersion = "Xcode 9.3";
			developmentRegion = en;
			hasScannedForEncodings = 0;
			knownRegions = (
				en,
				Base,
			);
			mainGroup = 70E914D02427160C00FD835E;
			productRefGroup = 70E914DA2427160C00FD835E /* Products */;
			projectDirPath = "";
			projectRoot = "";
			targets = (
				70E914D82427160C00FD835E /* SimpleApp */,
			);
		};
/* End PBXProject section */

/* Begin PBXResourcesBuildPhase section */
		70E914D72427160C00FD835E /* Resources */ = {
			isa = PBXResourcesBuildPhase;
			buildActionMask = 2147483647;
			files = (
				70E914E92427160D00FD835E /* LaunchScreen.storyboard in Resources */,
				70E914E62427160D00FD835E /* Assets.xcassets in Resources */,
				70E914E42427160C00FD835E /* Main.storyboard in Resources */,
			);
			runOnlyForDeploymentPostprocessing = 0;
		};
/* End PBXResourcesBuildPhase section */

/* Begin PBXShellScriptBuildPhase section */
		6DE5ECB4A4D1B2C233425BC4 /* [CP] Check Pods Manifest.lock */ = {
			isa = PBXShellScriptBuildPhase;
			buildActionMask = 2147483647;
			files = (
			);
			inputPaths = (
				"${PODS_PODFILE_DIR_PATH}/Podfile.lock",
				"${PODS_ROOT}/Manifest.lock",
			);
			name = "[CP] Check Pods Manifest.lock";
			outputPaths = (
				"$(DERIVED_FILE_DIR)/Pods-SimpleApp-checkManifestLockResult.txt",
			);
			runOnlyForDeploymentPostprocessing = 0;
			shellPath = /bin/sh;
			shellScript = "diff \"${PODS_PODFILE_DIR_PATH}/Podfile.lock\" \"${PODS_ROOT}/Manifest.lock\" > /dev/null\nif [ $? != 0 ] ; then\n    # print error to STDERR\n    echo \"error: The sandbox is not in sync with the Podfile.lock. Run 'pod install' or update your CocoaPods installation.\" >&2\n    exit 1\nfi\n# This output is used by Xcode 'outputs' to avoid re-running this script phase.\necho \"SUCCESS\" > \"${SCRIPT_OUTPUT_FILE_0}\"\n";
			showEnvVarsInLog = 0;
		};
/* End PBXShellScriptBuildPhase section */

/* Begin PBXSourcesBuildPhase section */
		70E914D52427160C00FD835E /* Sources */ = {
			isa = PBXSourcesBuildPhase;
			buildActionMask = 2147483647;
			files = (
				704CF3FC242BABDB00FA75A1 /* LoginViewController.m in Sources */,
				70E914E12427160C00FD835E /* ViewController.m in Sources */,
				70E914EC2427160E00FD835E /* main.m in Sources */,
				70EDC98F2439912B007DDF1A /* CollectionViewController.m in Sources */,
				70EDC996243CAB84007DDF1A /* GTListLoader.m in Sources */,
				70E914DE2427160C00FD835E /* AppDelegate.m in Sources */,
				70EDC992243C3A21007DDF1A /* GtNormalTableViewCell.m in Sources */,
			);
			runOnlyForDeploymentPostprocessing = 0;
		};
/* End PBXSourcesBuildPhase section */

/* Begin PBXVariantGroup section */
		70E914E22427160C00FD835E /* Main.storyboard */ = {
			isa = PBXVariantGroup;
			children = (
				70E914E32427160C00FD835E /* Base */,
			);
			name = Main.storyboard;
			sourceTree = "<group>";
		};
		70E914E72427160D00FD835E /* LaunchScreen.storyboard */ = {
			isa = PBXVariantGroup;
			children = (
				70E914E82427160D00FD835E /* Base */,
			);
			name = LaunchScreen.storyboard;
			sourceTree = "<group>";
		};
/* End PBXVariantGroup section */

/* Begin XCBuildConfiguration section */
		70E914ED2427160E00FD835E /* Debug */ = {
			isa = XCBuildConfiguration;
			buildSettings = {
				ALWAYS_SEARCH_USER_PATHS = NO;
				CLANG_ANALYZER_NONNULL = YES;
				CLANG_ANALYZER_NUMBER_OBJECT_CONVERSION = YES_AGGRESSIVE;
				CLANG_CXX_LANGUAGE_STANDARD = "gnu++14";
				CLANG_CXX_LIBRARY = "libc++";
				CLANG_ENABLE_MODULES = YES;
				CLANG_ENABLE_OBJC_ARC = YES;
				CLANG_ENABLE_OBJC_WEAK = YES;
				CLANG_WARN_BLOCK_CAPTURE_AUTORELEASING = YES;
				CLANG_WARN_BOOL_CONVERSION = YES;
				CLANG_WARN_COMMA = YES;
				CLANG_WARN_CONSTANT_CONVERSION = YES;
				CLANG_WARN_DEPRECATED_OBJC_IMPLEMENTATIONS = YES;
				CLANG_WARN_DIRECT_OBJC_ISA_USAGE = YES_ERROR;
				CLANG_WARN_DOCUMENTATION_COMMENTS = YES;
				CLANG_WARN_EMPTY_BODY = YES;
				CLANG_WARN_ENUM_CONVERSION = YES;
				CLANG_WARN_INFINITE_RECURSION = YES;
				CLANG_WARN_INT_CONVERSION = YES;
				CLANG_WARN_NON_LITERAL_NULL_CONVERSION = YES;
				CLANG_WARN_OBJC_IMPLICIT_RETAIN_SELF = YES;
				CLANG_WARN_OBJC_LITERAL_CONVERSION = YES;
				CLANG_WARN_OBJC_ROOT_CLASS = YES_ERROR;
				CLANG_WARN_RANGE_LOOP_ANALYSIS = YES;
				CLANG_WARN_STRICT_PROTOTYPES = YES;
				CLANG_WARN_SUSPICIOUS_MOVE = YES;
				CLANG_WARN_UNGUARDED_AVAILABILITY = YES_AGGRESSIVE;
				CLANG_WARN_UNREACHABLE_CODE = YES;
				CLANG_WARN__DUPLICATE_METHOD_MATCH = YES;
				CODE_SIGN_IDENTITY = "iPhone Developer";
				COPY_PHASE_STRIP = NO;
				DEBUG_INFORMATION_FORMAT = dwarf;
				ENABLE_STRICT_OBJC_MSGSEND = YES;
				ENABLE_TESTABILITY = YES;
				GCC_C_LANGUAGE_STANDARD = gnu11;
				GCC_DYNAMIC_NO_PIC = NO;
				GCC_NO_COMMON_BLOCKS = YES;
				GCC_OPTIMIZATION_LEVEL = 0;
				GCC_PREPROCESSOR_DEFINITIONS = (
					"DEBUG=1",
					"$(inherited)",
				);
				GCC_WARN_64_TO_32_BIT_CONVERSION = YES;
				GCC_WARN_ABOUT_RETURN_TYPE = YES_ERROR;
				GCC_WARN_UNDECLARED_SELECTOR = YES;
				GCC_WARN_UNINITIALIZED_AUTOS = YES_AGGRESSIVE;
				GCC_WARN_UNUSED_FUNCTION = YES;
				GCC_WARN_UNUSED_VARIABLE = YES;
				IPHONEOS_DEPLOYMENT_TARGET = 11.3;
				MTL_ENABLE_DEBUG_INFO = YES;
				ONLY_ACTIVE_ARCH = YES;
				SDKROOT = iphoneos;
			};
			name = Debug;
		};
		70E914EE2427160E00FD835E /* Release */ = {
			isa = XCBuildConfiguration;
			buildSettings = {
				ALWAYS_SEARCH_USER_PATHS = NO;
				CLANG_ANALYZER_NONNULL = YES;
				CLANG_ANALYZER_NUMBER_OBJECT_CONVERSION = YES_AGGRESSIVE;
				CLANG_CXX_LANGUAGE_STANDARD = "gnu++14";
				CLANG_CXX_LIBRARY = "libc++";
				CLANG_ENABLE_MODULES = YES;
				CLANG_ENABLE_OBJC_ARC = YES;
				CLANG_ENABLE_OBJC_WEAK = YES;
				CLANG_WARN_BLOCK_CAPTURE_AUTORELEASING = YES;
				CLANG_WARN_BOOL_CONVERSION = YES;
				CLANG_WARN_COMMA = YES;
				CLANG_WARN_CONSTANT_CONVERSION = YES;
				CLANG_WARN_DEPRECATED_OBJC_IMPLEMENTATIONS = YES;
				CLANG_WARN_DIRECT_OBJC_ISA_USAGE = YES_ERROR;
				CLANG_WARN_DOCUMENTATION_COMMENTS = YES;
				CLANG_WARN_EMPTY_BODY = YES;
				CLANG_WARN_ENUM_CONVERSION = YES;
				CLANG_WARN_INFINITE_RECURSION = YES;
				CLANG_WARN_INT_CONVERSION = YES;
				CLANG_WARN_NON_LITERAL_NULL_CONVERSION = YES;
				CLANG_WARN_OBJC_IMPLICIT_RETAIN_SELF = YES;
				CLANG_WARN_OBJC_LITERAL_CONVERSION = YES;
				CLANG_WARN_OBJC_ROOT_CLASS = YES_ERROR;
				CLANG_WARN_RANGE_LOOP_ANALYSIS = YES;
				CLANG_WARN_STRICT_PROTOTYPES = YES;
				CLANG_WARN_SUSPICIOUS_MOVE = YES;
				CLANG_WARN_UNGUARDED_AVAILABILITY = YES_AGGRESSIVE;
				CLANG_WARN_UNREACHABLE_CODE = YES;
				CLANG_WARN__DUPLICATE_METHOD_MATCH = YES;
				CODE_SIGN_IDENTITY = "iPhone Developer";
				COPY_PHASE_STRIP = NO;
				DEBUG_INFORMATION_FORMAT = "dwarf-with-dsym";
				ENABLE_NS_ASSERTIONS = NO;
				ENABLE_STRICT_OBJC_MSGSEND = YES;
				GCC_C_LANGUAGE_STANDARD = gnu11;
				GCC_NO_COMMON_BLOCKS = YES;
				GCC_WARN_64_TO_32_BIT_CONVERSION = YES;
				GCC_WARN_ABOUT_RETURN_TYPE = YES_ERROR;
				GCC_WARN_UNDECLARED_SELECTOR = YES;
				GCC_WARN_UNINITIALIZED_AUTOS = YES_AGGRESSIVE;
				GCC_WARN_UNUSED_FUNCTION = YES;
				GCC_WARN_UNUSED_VARIABLE = YES;
				IPHONEOS_DEPLOYMENT_TARGET = 11.3;
				MTL_ENABLE_DEBUG_INFO = NO;
				SDKROOT = iphoneos;
				VALIDATE_PRODUCT = YES;
			};
			name = Release;
		};
		70E914F02427160E00FD835E /* Debug */ = {
			isa = XCBuildConfiguration;
			baseConfigurationReference = 6B1C8E8651F55F1904177DE7 /* Pods-SimpleApp.debug.xcconfig */;
			buildSettings = {
				ASSETCATALOG_COMPILER_APPICON_NAME = AppIcon;
				CODE_SIGN_STYLE = Automatic;
				INFOPLIST_FILE = SimpleApp/Info.plist;
				LD_RUNPATH_SEARCH_PATHS = (
					"$(inherited)",
					"@executable_path/Frameworks",
				);
				ONLY_ACTIVE_ARCH = YES;
				OTHER_LDFLAGS = (
					"$(inherited)",
					"-ObjC",
					"-framework",
					"\"CoreGraphics\"",
					"-framework",
					"\"MobileCoreServices\"",
					"-framework",
					"\"Security\"",
					"-framework",
					"\"SystemConfiguration\"",
				);
				PRODUCT_BUNDLE_IDENTIFIER = com.wenshuo.SimpleApp;
				PRODUCT_NAME = "$(TARGET_NAME)";
				TARGETED_DEVICE_FAMILY = "1,2";
			};
			name = Debug;
		};
		70E914F12427160E00FD835E /* Release */ = {
			isa = XCBuildConfiguration;
			baseConfigurationReference = 948E793E9F565A5E7310A1D9 /* Pods-SimpleApp.release.xcconfig */;
			buildSettings = {
				ASSETCATALOG_COMPILER_APPICON_NAME = AppIcon;
				CODE_SIGN_STYLE = Automatic;
				INFOPLIST_FILE = SimpleApp/Info.plist;
				LD_RUNPATH_SEARCH_PATHS = (
					"$(inherited)",
					"@executable_path/Frameworks",
				);
				ONLY_ACTIVE_ARCH = YES;
				OTHER_LDFLAGS = (
					"$(inherited)",
					"-ObjC",
					"-framework",
					"\"CoreGraphics\"",
					"-framework",
					"\"MobileCoreServices\"",
					"-framework",
					"\"Security\"",
					"-framework",
					"\"SystemConfiguration\"",
				);
				PRODUCT_BUNDLE_IDENTIFIER = com.wenshuo.SimpleApp;
				PRODUCT_NAME = "$(TARGET_NAME)";
				TARGETED_DEVICE_FAMILY = "1,2";
			};
			name = Release;
		};
/* End XCBuildConfiguration section */

/* Begin XCConfigurationList section */
		70E914D42427160C00FD835E /* Build configuration list for PBXProject "SimpleApp" */ = {
			isa = XCConfigurationList;
			buildConfigurations = (
				70E914ED2427160E00FD835E /* Debug */,
				70E914EE2427160E00FD835E /* Release */,
			);
			defaultConfigurationIsVisible = 0;
			defaultConfigurationName = Release;
		};
		70E914EF2427160E00FD835E /* Build configuration list for PBXNativeTarget "SimpleApp" */ = {
			isa = XCConfigurationList;
			buildConfigurations = (
				70E914F02427160E00FD835E /* Debug */,
				70E914F12427160E00FD835E /* Release */,
			);
			defaultConfigurationIsVisible = 0;
			defaultConfigurationName = Release;
		};
/* End XCConfigurationList section */
	};
	rootObject = 70E914D12427160C00FD835E /* Project object */;
}
